
Microsoft Visual Studio Solution File, Format Version 11.00
# Visual Studio 2010
Project("{FAE04EC0-301F-11D3-BF4B-00C04F79EFBC}") = "bpv-git", "Assembly-CSharp.csproj", "{96932E5D-8615-45E4-5DA4-6D39557482B6}"
EndProject
Project("{FAE04EC0-301F-11D3-BF4B-00C04F79EFBC}") = "bpv-git", "IngameDebugConsole.Runtime.csproj", "{22189DBD-5012-FA81-E486-152E1FFFD8CE}"
EndProject
Project("{FAE04EC0-301F-11D3-BF4B-00C04F79EFBC}") = "bpv-git", "Unity.AssetBundleBrowser.Editor.csproj", "{DEE82891-FF14-4F74-3AFB-7785B83F57F9}"
EndProject
Project("{FAE04EC0-301F-11D3-BF4B-00C04F79EFBC}") = "bpv-git", "IngameDebugConsole.Editor.csproj", "{D45A5922-8582-4B57-9859-F5C4B1645824}"
EndProject
Project("{FAE04EC0-301F-11D3-BF4B-00C04F79EFBC}") = "bpv-git", "Unity.AssetBundleBrowser.Editor.Tests.csproj", "{EF656320-5CD9-73D0-9045-629C6AEE9AA5}"
EndProject
Global
	GlobalSection(SolutionConfigurationPlatforms) = preSolution
		Debug|Any CPU = Debug|Any CPU
		Release|Any CPU = Release|Any CPU
	EndGlobalSection
	GlobalSection(ProjectConfigurationPlatforms) = postSolution
		{96932E5D-8615-45E4-5DA4-6D39557482B6}.Debug|Any CPU.ActiveCfg = Debug|Any CPU
		{96932E5D-8615-45E4-5DA4-6D39557482B6}.Debug|Any CPU.Build.0 = Debug|Any CPU
		{96932E5D-8615-45E4-5DA4-6D39557482B6}.Release|Any CPU.ActiveCfg = Release|Any CPU
		{96932E5D-8615-45E4-5DA4-6D39557482B6}.Release|Any CPU.Build.0 = Release|Any CPU
		{22189DBD-5012-FA81-E486-152E1FFFD8CE}.Debug|Any CPU.ActiveCfg = Debug|Any CPU
		{22189DBD-5012-FA81-E486-152E1FFFD8CE}.Debug|Any CPU.Build.0 = Debug|Any CPU
		{22189DBD-5012-FA81-E486-152E1FFFD8CE}.Release|Any CPU.ActiveCfg = Release|Any CPU
		{22189DBD-5012-FA81-E486-152E1FFFD8CE}.Release|Any CPU.Build.0 = Release|Any CPU
		{DEE82891-FF14-4F74-3AFB-7785B83F57F9}.Debug|Any CPU.ActiveCfg = Debug|Any CPU
		{DEE82891-FF14-4F74-3AFB-7785B83F57F9}.Debug|Any CPU.Build.0 = Debug|Any CPU
		{DEE82891-FF14-4F74-3AFB-7785B83F57F9}.Release|Any CPU.ActiveCfg = Release|Any CPU
		{DEE82891-FF14-4F74-3AFB-7785B83F57F9}.Release|Any CPU.Build.0 = Release|Any CPU
		{D45A5922-8582-4B57-9859-F5C4B1645824}.Debug|Any CPU.ActiveCfg = Debug|Any CPU
		{D45A5922-8582-4B57-9859-F5C4B1645824}.Debug|Any CPU.Build.0 = Debug|Any CPU
		{D45A5922-8582-4B57-9859-F5C4B1645824}.Release|Any CPU.ActiveCfg = Release|Any CPU
		{D45A5922-8582-4B57-9859-F5C4B1645824}.Release|Any CPU.Build.0 = Release|Any CPU
		{EF656320-5CD9-73D0-9045-629C6AEE9AA5}.Debug|Any CPU.ActiveCfg = Debug|Any CPU
		{EF656320-5CD9-73D0-9045-629C6AEE9AA5}.Debug|Any CPU.Build.0 = Debug|Any CPU
		{EF656320-5CD9-73D0-9045-629C6AEE9AA5}.Release|Any CPU.ActiveCfg = Release|Any CPU
		{EF656320-5CD9-73D0-9045-629C6AEE9AA5}.Release|Any CPU.Build.0 = Release|Any CPU
	EndGlobalSection
	GlobalSection(SolutionProperties) = preSolution
		HideSolutionNode = FALSE
	EndGlobalSection
	GlobalSection(MonoDevelopProperties) = preSolution
		StartupItem = Assembly-CSharp.csproj
	EndGlobalSection
EndGlobal
