
Microsoft Visual Studio Solution File, Format Version 11.00
# Visual Studio 2010
Project("{FAE04EC0-301F-11D3-BF4B-00C04F79EFBC}") = "BPV", "Assembly-CSharp.csproj", "{8AE9EA9B-BAF4-26EA-0C7F-CBE364F0E8C7}"
EndProject
Project("{FAE04EC0-301F-11D3-BF4B-00C04F79EFBC}") = "BPV", "IngameDebugConsole.Runtime.csproj", "{00C81BCF-1D07-512A-2305-0263AA1BAA9C}"
EndProject
Project("{FAE04EC0-301F-11D3-BF4B-00C04F79EFBC}") = "BPV", "Unity.AssetBundleBrowser.Editor.csproj", "{4562210F-2DBC-B5FD-526B-76FC98259820}"
EndProject
Project("{FAE04EC0-301F-11D3-BF4B-00C04F79EFBC}") = "BPV", "IngameDebugConsole.Editor.csproj", "{8F562833-0DF9-0F5E-3C18-28E405FE3246}"
EndProject
Project("{FAE04EC0-301F-11D3-BF4B-00C04F79EFBC}") = "BPV", "Unity.AssetBundleBrowser.Editor.Tests.csproj", "{953F6932-6475-B1F7-955C-E5B31259E5E0}"
EndProject
Global
	GlobalSection(SolutionConfigurationPlatforms) = preSolution
		Debug|Any CPU = Debug|Any CPU
		Release|Any CPU = Release|Any CPU
	EndGlobalSection
	GlobalSection(ProjectConfigurationPlatforms) = postSolution
		{8AE9EA9B-BAF4-26EA-0C7F-CBE364F0E8C7}.Debug|Any CPU.ActiveCfg = Debug|Any CPU
		{8AE9EA9B-BAF4-26EA-0C7F-CBE364F0E8C7}.Debug|Any CPU.Build.0 = Debug|Any CPU
		{8AE9EA9B-BAF4-26EA-0C7F-CBE364F0E8C7}.Release|Any CPU.ActiveCfg = Release|Any CPU
		{8AE9EA9B-BAF4-26EA-0C7F-CBE364F0E8C7}.Release|Any CPU.Build.0 = Release|Any CPU
		{00C81BCF-1D07-512A-2305-0263AA1BAA9C}.Debug|Any CPU.ActiveCfg = Debug|Any CPU
		{00C81BCF-1D07-512A-2305-0263AA1BAA9C}.Debug|Any CPU.Build.0 = Debug|Any CPU
		{00C81BCF-1D07-512A-2305-0263AA1BAA9C}.Release|Any CPU.ActiveCfg = Release|Any CPU
		{00C81BCF-1D07-512A-2305-0263AA1BAA9C}.Release|Any CPU.Build.0 = Release|Any CPU
		{4562210F-2DBC-B5FD-526B-76FC98259820}.Debug|Any CPU.ActiveCfg = Debug|Any CPU
		{4562210F-2DBC-B5FD-526B-76FC98259820}.Debug|Any CPU.Build.0 = Debug|Any CPU
		{4562210F-2DBC-B5FD-526B-76FC98259820}.Release|Any CPU.ActiveCfg = Release|Any CPU
		{4562210F-2DBC-B5FD-526B-76FC98259820}.Release|Any CPU.Build.0 = Release|Any CPU
		{8F562833-0DF9-0F5E-3C18-28E405FE3246}.Debug|Any CPU.ActiveCfg = Debug|Any CPU
		{8F562833-0DF9-0F5E-3C18-28E405FE3246}.Debug|Any CPU.Build.0 = Debug|Any CPU
		{8F562833-0DF9-0F5E-3C18-28E405FE3246}.Release|Any CPU.ActiveCfg = Release|Any CPU
		{8F562833-0DF9-0F5E-3C18-28E405FE3246}.Release|Any CPU.Build.0 = Release|Any CPU
		{953F6932-6475-B1F7-955C-E5B31259E5E0}.Debug|Any CPU.ActiveCfg = Debug|Any CPU
		{953F6932-6475-B1F7-955C-E5B31259E5E0}.Debug|Any CPU.Build.0 = Debug|Any CPU
		{953F6932-6475-B1F7-955C-E5B31259E5E0}.Release|Any CPU.ActiveCfg = Release|Any CPU
		{953F6932-6475-B1F7-955C-E5B31259E5E0}.Release|Any CPU.Build.0 = Release|Any CPU
	EndGlobalSection
	GlobalSection(SolutionProperties) = preSolution
		HideSolutionNode = FALSE
	EndGlobalSection
	GlobalSection(MonoDevelopProperties) = preSolution
		StartupItem = Assembly-CSharp.csproj
	EndGlobalSection
EndGlobal
